# This file is automatically @generated by Cargo.
# It is not intended for manual editing.
version = 3

[[package]]
name = "flite"
version = "0.0.3"
dependencies = [
 "flite-sys 0.1.2 (registry+https://github.com/rust-lang/crates.io-index)",
]

[[package]]
name = "flite"
version = "0.0.3"
source = "registry+https://github.com/rust-lang/crates.io-index"
checksum = "f98106232cb2127e543e0ac30c5d1b3b91f69050090584638a741227776f1bb5"
dependencies = [
 "flite-sys 0.1.2 (registry+https://github.com/rust-lang/crates.io-index)",
]

[[package]]
name = "flite-cli"
version = "0.0.1"
dependencies = [
 "flite 0.0.3 (registry+https://github.com/rust-lang/crates.io-index)",
 "hound",
]

[[package]]
name = "flite-sys"
version = "0.1.2"

[[package]]
name = "flite-sys"
version = "0.1.2"
source = "registry+https://github.com/rust-lang/crates.io-index"
checksum = "b75a23c125fffb2b9b10c32e0decce65829ed239c91987b811f3cdbd6dcde989"

[[package]]
name = "hound"
version = "3.5.0"
source = "registry+https://github.com/rust-lang/crates.io-index"
checksum = "4d13cdbd5dbb29f9c88095bbdc2590c9cba0d0a1269b983fef6b2cdd7e9f4db1"
